
Microsoft Visual Studio Solution File, Format Version 12.00
# Visual Studio Version 16
VisualStudioVersion = 16.0.31729.503
MinimumVisualStudioVersion = 10.0.40219.1
Project("{FAE04EC0-301F-11D3-BF4B-00C04F79EFBC}") = "TodoApi", "TodoApi\TodoApi.csproj", "{C1FF3BFB-8282-4133-BDD4-B944508C2000}"
EndProject
Global
	GlobalSection(SolutionConfigurationPlatforms) = preSolution
		Debug|Any CPU = Debug|Any CPU
		Release|Any CPU = Release|Any CPU
	EndGlobalSection
	GlobalSection(ProjectConfigurationPlatforms) = postSolution
		{C1FF3BFB-8282-4133-BDD4-B944508C2000}.Debug|Any CPU.ActiveCfg = Debug|Any CPU
		{C1FF3BFB-8282-4133-BDD4-B944508C2000}.Debug|Any CPU.Build.0 = Debug|Any CPU
		{C1FF3BFB-8282-4133-BDD4-B944508C2000}.Release|Any CPU.ActiveCfg = Release|Any CPU
		{C1FF3BFB-8282-4133-BDD4-B944508C2000}.Release|Any CPU.Build.0 = Release|Any CPU
	EndGlobalSection
	GlobalSection(SolutionProperties) = preSolution
		HideSolutionNode = FALSE
	EndGlobalSection
	GlobalSection(ExtensibilityGlobals) = postSolution
		SolutionGuid = {C4223CF1-5942-43A2-AFB0-CBE42A779C2F}
	EndGlobalSection
EndGlobal
